
Microsoft Visual Studio Solution File, Format Version 12.00
# Visual Studio Version 16
VisualStudioVersion = 25.0.1700.3
MinimumVisualStudioVersion = 10.0.40219.1
Project("{FAE04EC0-301F-11D3-BF4B-00C04F79EFBC}") = "BlazorShop_Server", "BlazorShop_Server\BlazorShop_Server.csproj", "{1185C46B-0ECE-4D0D-8F93-4F7CB99DE21C}"
EndProject
Project("{FAE04EC0-301F-11D3-BF4B-00C04F79EFBC}") = "BlazorShop_Client", "BlazorShop_Client\BlazorShop_Client.csproj", "{1A3F892D-881E-4076-88A9-08DA80B8108A}"
EndProject
Project("{FAE04EC0-301F-11D3-BF4B-00C04F79EFBC}") = "BlazorShop_Models", "BlazorShop_Models\BlazorShop_Models.csproj", "{692F1EC5-A86B-4522-A69F-F68847962965}"
EndProject
Global
	GlobalSection(SolutionConfigurationPlatforms) = preSolution
		Debug|Any CPU = Debug|Any CPU
		Release|Any CPU = Release|Any CPU
	EndGlobalSection
	GlobalSection(ProjectConfigurationPlatforms) = postSolution
		{1185C46B-0ECE-4D0D-8F93-4F7CB99DE21C}.Debug|Any CPU.ActiveCfg = Debug|Any CPU
		{1185C46B-0ECE-4D0D-8F93-4F7CB99DE21C}.Debug|Any CPU.Build.0 = Debug|Any CPU
		{1185C46B-0ECE-4D0D-8F93-4F7CB99DE21C}.Release|Any CPU.ActiveCfg = Release|Any CPU
		{1185C46B-0ECE-4D0D-8F93-4F7CB99DE21C}.Release|Any CPU.Build.0 = Release|Any CPU
		{1A3F892D-881E-4076-88A9-08DA80B8108A}.Debug|Any CPU.ActiveCfg = Debug|Any CPU
		{1A3F892D-881E-4076-88A9-08DA80B8108A}.Debug|Any CPU.Build.0 = Debug|Any CPU
		{1A3F892D-881E-4076-88A9-08DA80B8108A}.Release|Any CPU.ActiveCfg = Release|Any CPU
		{1A3F892D-881E-4076-88A9-08DA80B8108A}.Release|Any CPU.Build.0 = Release|Any CPU
		{692F1EC5-A86B-4522-A69F-F68847962965}.Debug|Any CPU.ActiveCfg = Debug|Any CPU
		{692F1EC5-A86B-4522-A69F-F68847962965}.Debug|Any CPU.Build.0 = Debug|Any CPU
		{692F1EC5-A86B-4522-A69F-F68847962965}.Release|Any CPU.ActiveCfg = Release|Any CPU
		{692F1EC5-A86B-4522-A69F-F68847962965}.Release|Any CPU.Build.0 = Release|Any CPU
	EndGlobalSection
	GlobalSection(SolutionProperties) = preSolution
		HideSolutionNode = FALSE
	EndGlobalSection
	GlobalSection(ExtensibilityGlobals) = postSolution
		SolutionGuid = {83B69C3E-C9FB-4FAC-B1B0-CCCD992A3005}
	EndGlobalSection
EndGlobal
